
Microsoft Visual Studio Solution File, Format Version 12.00
# Visual Studio 15
VisualStudioVersion = 15.0.28307.1000
MinimumVisualStudioVersion = 10.0.40219.1
Project("{8BC9CEB8-8B4A-11D0-8D11-00A0C91BC942}") = "backjunInputter", "backjunInputter\backjunInputter.vcxproj", "{A4BCC872-EBB7-4F46-9315-892F283C0D9E}"
	ProjectSection(ProjectDependencies) = postProject
		{89B30A16-9485-46FF-BC8F-265A0AC2251A} = {89B30A16-9485-46FF-BC8F-265A0AC2251A}
	EndProjectSection
EndProject
Project("{8BC9CEB8-8B4A-11D0-8D11-00A0C91BC942}") = "testChilProcess", "testChilProcess\testChilProcess.vcxproj", "{89B30A16-9485-46FF-BC8F-265A0AC2251A}"
EndProject
Project("{8BC9CEB8-8B4A-11D0-8D11-00A0C91BC942}") = "inputtest", "ConsoleApplication1\ConsoleApplication1.vcxproj", "{430ACFD9-61FC-4EBF-ACEE-F5280D3AEF62}"
EndProject
Project("{8BC9CEB8-8B4A-11D0-8D11-00A0C91BC942}") = "backjunTool", "backjunTool\backjunTool.vcxproj", "{983352A3-75E7-4D72-9078-F149E43AE7E3}"
EndProject
Global
	GlobalSection(SolutionConfigurationPlatforms) = preSolution
		Debug|x64 = Debug|x64
		Debug|x86 = Debug|x86
		Release|x64 = Release|x64
		Release|x86 = Release|x86
	EndGlobalSection
	GlobalSection(ProjectConfigurationPlatforms) = postSolution
		{A4BCC872-EBB7-4F46-9315-892F283C0D9E}.Debug|x64.ActiveCfg = Debug|x64
		{A4BCC872-EBB7-4F46-9315-892F283C0D9E}.Debug|x64.Build.0 = Debug|x64
		{A4BCC872-EBB7-4F46-9315-892F283C0D9E}.Debug|x86.ActiveCfg = Debug|Win32
		{A4BCC872-EBB7-4F46-9315-892F283C0D9E}.Debug|x86.Build.0 = Debug|Win32
		{A4BCC872-EBB7-4F46-9315-892F283C0D9E}.Release|x64.ActiveCfg = Release|x64
		{A4BCC872-EBB7-4F46-9315-892F283C0D9E}.Release|x64.Build.0 = Release|x64
		{A4BCC872-EBB7-4F46-9315-892F283C0D9E}.Release|x86.ActiveCfg = Release|Win32
		{A4BCC872-EBB7-4F46-9315-892F283C0D9E}.Release|x86.Build.0 = Release|Win32
		{89B30A16-9485-46FF-BC8F-265A0AC2251A}.Debug|x64.ActiveCfg = Debug|x64
		{89B30A16-9485-46FF-BC8F-265A0AC2251A}.Debug|x64.Build.0 = Debug|x64
		{89B30A16-9485-46FF-BC8F-265A0AC2251A}.Debug|x86.ActiveCfg = Debug|Win32
		{89B30A16-9485-46FF-BC8F-265A0AC2251A}.Debug|x86.Build.0 = Debug|Win32
		{89B30A16-9485-46FF-BC8F-265A0AC2251A}.Release|x64.ActiveCfg = Release|x64
		{89B30A16-9485-46FF-BC8F-265A0AC2251A}.Release|x64.Build.0 = Release|x64
		{89B30A16-9485-46FF-BC8F-265A0AC2251A}.Release|x86.ActiveCfg = Release|Win32
		{89B30A16-9485-46FF-BC8F-265A0AC2251A}.Release|x86.Build.0 = Release|Win32
		{430ACFD9-61FC-4EBF-ACEE-F5280D3AEF62}.Debug|x64.ActiveCfg = Debug|x64
		{430ACFD9-61FC-4EBF-ACEE-F5280D3AEF62}.Debug|x64.Build.0 = Debug|x64
		{430ACFD9-61FC-4EBF-ACEE-F5280D3AEF62}.Debug|x86.ActiveCfg = Debug|Win32
		{430ACFD9-61FC-4EBF-ACEE-F5280D3AEF62}.Debug|x86.Build.0 = Debug|Win32
		{430ACFD9-61FC-4EBF-ACEE-F5280D3AEF62}.Release|x64.ActiveCfg = Release|x64
		{430ACFD9-61FC-4EBF-ACEE-F5280D3AEF62}.Release|x64.Build.0 = Release|x64
		{430ACFD9-61FC-4EBF-ACEE-F5280D3AEF62}.Release|x86.ActiveCfg = Release|Win32
		{430ACFD9-61FC-4EBF-ACEE-F5280D3AEF62}.Release|x86.Build.0 = Release|Win32
		{983352A3-75E7-4D72-9078-F149E43AE7E3}.Debug|x64.ActiveCfg = Debug|x64
		{983352A3-75E7-4D72-9078-F149E43AE7E3}.Debug|x64.Build.0 = Debug|x64
		{983352A3-75E7-4D72-9078-F149E43AE7E3}.Debug|x86.ActiveCfg = Debug|Win32
		{983352A3-75E7-4D72-9078-F149E43AE7E3}.Debug|x86.Build.0 = Debug|Win32
		{983352A3-75E7-4D72-9078-F149E43AE7E3}.Release|x64.ActiveCfg = Release|x64
		{983352A3-75E7-4D72-9078-F149E43AE7E3}.Release|x64.Build.0 = Release|x64
		{983352A3-75E7-4D72-9078-F149E43AE7E3}.Release|x86.ActiveCfg = Release|Win32
		{983352A3-75E7-4D72-9078-F149E43AE7E3}.Release|x86.Build.0 = Release|Win32
	EndGlobalSection
	GlobalSection(SolutionProperties) = preSolution
		HideSolutionNode = FALSE
	EndGlobalSection
	GlobalSection(ExtensibilityGlobals) = postSolution
		SolutionGuid = {C23FF998-D896-4633-8164-B5A7FFDCB45E}
	EndGlobalSection
EndGlobal
